{
  "nodes": {
    "flake-compat": {
      "locked": {
        "lastModified": 1761640442,
        "narHash": "sha256-AtrEP6Jmdvrqiv4x2xa5mrtaIp3OEe8uBYCDZDS+hu8=",
        "owner": "nix-community",
        "repo": "flake-compat",
        "rev": "4a56054d8ffc173222d09dad23adf4ba946c8884",
        "type": "github"
      },
      "original": {
        "owner": "nix-community",
        "repo": "flake-compat",
        "type": "github"
      }
    },
    "flake-utils": {
      "inputs": {
        "systems": "systems"
      },
      "locked": {
        "lastModified": 1731533236,
        "narHash": "sha256-l0KFg5HjrsfsO/JpG+r7fRrqm12kzFHyUHqHCVpMMbI=",
        "owner": "numtide",
        "repo": "flake-utils",
        "rev": "11707dc2f618dd54ca8739b309ec4fc024de578b",
        "type": "github"
      },
      "original": {
        "owner": "numtide",
        "repo": "flake-utils",
        "type": "github"
      }
    },
    "home-manager": {
      "inputs": {
        "nixpkgs": [
          "nixpkgs"
        ]
      },
      "locked": {
        "lastModified": 1772845525,
        "narHash": "sha256-Dp5Ir2u4jJDGCgeMRviHvEQDe+U37hMxp6RSNOoMMPc=",
        "owner": "nix-community",
        "repo": "home-manager",
        "rev": "27b93804fbef1544cb07718d3f0a451f4c4cd6c0",
        "type": "github"
      },
      "original": {
        "owner": "nix-community",
        "ref": "master",
        "repo": "home-manager",
        "type": "github"
      }
    },
    "lazyvim": {
      "inputs": {
        "flake-utils": "flake-utils",
        "nixpkgs": "nixpkgs"
      },
      "locked": {
        "lastModified": 1772824686,
        "narHash": "sha256-JnhR1yncNczNLq4JG1skakCcHGtoV8yqx7Go19JTOyw=",
        "owner": "pfassina",
        "repo": "lazyvim-nix",
        "rev": "99ea870ea87d8711d65d5e37232fb965a8ebcf4c",
        "type": "github"
      },
      "original": {
        "owner": "pfassina",
        "repo": "lazyvim-nix",
        "type": "github"
      }
    },
    "nixos-apple-silicon": {
      "inputs": {
        "flake-compat": "flake-compat",
        "nixpkgs": [
          "nixpkgs"
        ]
      },
      "locked": {
        "lastModified": 1772649729,
        "narHash": "sha256-BAk4UlLaZ5KiDLVpODbOTHSei0KwK5h44T338s132ew=",
        "owner": "nix-community",
        "repo": "nixos-apple-silicon",
        "rev": "f76cf1b902f3ab2bc8cd0fab1c9aa87f740459be",
        "type": "github"
      },
      "original": {
        "owner": "nix-community",
        "repo": "nixos-apple-silicon",
        "type": "github"
      }
    },
    "nixos-hardware": {
      "locked": {
        "lastModified": 1771969195,
        "narHash": "sha256-qwcDBtrRvJbrrnv1lf/pREQi8t2hWZxVAyeMo7/E9sw=",
        "owner": "NixOS",
        "repo": "nixos-hardware",
        "rev": "41c6b421bdc301b2624486e11905c9af7b8ec68e",
        "type": "github"
      },
      "original": {
        "owner": "NixOS",
        "ref": "master",
        "repo": "nixos-hardware",
        "type": "github"
      }
    },
    "nixpkgs": {
      "locked": {
        "lastModified": 1752480373,
        "narHash": "sha256-JHQbm+OcGp32wAsXTE/FLYGNpb+4GLi5oTvCxwSoBOA=",
        "owner": "NixOS",
        "repo": "nixpkgs",
        "rev": "62e0f05ede1da0d54515d4ea8ce9c733f12d9f08",
        "type": "github"
      },
      "original": {
        "owner": "NixOS",
        "ref": "nixos-unstable",
        "repo": "nixpkgs",
        "type": "github"
      }
    },
    "nixpkgs_2": {
      "locked": {
        "lastModified": 1772624091,
        "narHash": "sha256-QKyJ0QGWBn6r0invrMAK8dmJoBYWoOWy7lN+UHzW1jc=",
        "owner": "NixOS",
        "repo": "nixpkgs",
        "rev": "80bdc1e5ce51f56b19791b52b2901187931f5353",
        "type": "github"
      },
      "original": {
        "owner": "NixOS",
        "ref": "nixos-unstable",
        "repo": "nixpkgs",
        "type": "github"
      }
    },
    "root": {
      "inputs": {
        "home-manager": "home-manager",
        "lazyvim": "lazyvim",
        "nixos-apple-silicon": "nixos-apple-silicon",
        "nixos-hardware": "nixos-hardware",
        "nixpkgs": "nixpkgs_2"
      }
    },
    "systems": {
      "locked": {
        "lastModified": 1681028828,
        "narHash": "sha256-Vy1rq5AaRuLzOxct8nz4T6wlgyUR7zLU309k9mBC768=",
        "owner": "nix-systems",
        "repo": "default",
        "rev": "da67096a3b9bf56a91d16901293e51ba5b49a27e",
        "type": "github"
      },
      "original": {
        "owner": "nix-systems",
        "repo": "default",
        "type": "github"
      }
    }
  },
  "root": "root",
  "version": 7
}
